<Solution>
  <Configurations>
    <Platform Name="Win32" />
    <Platform Name="x64" />
  </Configurations>
  <Folder Name="/_deps/">
    <Project Path="Client/JpegFile/JpegFile.vcxproj">
      <BuildDependency Project="deps/fetch-and-build-wrappers/fetch-libjpeg-turbo.vcxproj" />
    </Project>
    <Project Path="Client/N3Base/N3Base_client.vcxproj">
      <BuildDependency Project="deps/fetch-and-build-wrappers/fetch-dx9sdk.vcxproj" />
      <BuildDependency Project="deps/fetch-and-build-wrappers/fetch-mpg123.vcxproj" />
      <BuildDependency Project="FileIO/FileIO.vcxproj" />
      <BuildDependency Project="MathUtils/MathUtils.vcxproj" />
      <BuildDependency Project="shared/shared.vcxproj" />
    </Project>
    <Project Path="FileIO/FileIO.vcxproj">
      <BuildDependency Project="deps/fetch-and-build-wrappers/fetch-llfio.vcxproj" />
    </Project>
    <Project Path="MathUtils/MathUtils.vcxproj" />
    <Project Path="shared/shared.vcxproj">
      <BuildDependency Project="deps/fetch-and-build-wrappers/fetch-spdlog.vcxproj" />
    </Project>
  </Folder>
  <Folder Name="/_deps/fetch wrappers/">
    <Project Path="deps/fetch-and-build-wrappers/fetch-dx9sdk.vcxproj">
      <BuildDependency Project="deps/fetch-and-build-wrappers/sync-submodules.vcxproj" />
    </Project>
    <Project Path="deps/fetch-and-build-wrappers/fetch-ko-client-assets.vcxproj">
      <BuildDependency Project="deps/fetch-and-build-wrappers/sync-submodules.vcxproj" />
    </Project>
    <Project Path="deps/fetch-and-build-wrappers/fetch-libjpeg-turbo.vcxproj">
      <BuildDependency Project="deps/fetch-and-build-wrappers/sync-submodules.vcxproj" />
    </Project>
    <Project Path="deps/fetch-and-build-wrappers/fetch-llfio-msvc-dep-headers.vcxproj">
      <BuildDependency Project="deps/fetch-and-build-wrappers/sync-submodules.vcxproj" />
    </Project>
    <Project Path="deps/fetch-and-build-wrappers/fetch-llfio.vcxproj">
      <BuildDependency Project="deps/fetch-and-build-wrappers/fetch-llfio-msvc-dep-headers.vcxproj" />
    </Project>
    <Project Path="deps/fetch-and-build-wrappers/fetch-mpg123.vcxproj">
      <BuildDependency Project="deps/fetch-and-build-wrappers/sync-submodules.vcxproj" />
    </Project>
    <Project Path="deps/fetch-and-build-wrappers/fetch-spdlog.vcxproj">
      <BuildDependency Project="deps/fetch-and-build-wrappers/sync-submodules.vcxproj" />
    </Project>
    <Project Path="deps/fetch-and-build-wrappers/sync-submodules.vcxproj" />
  </Folder>
  <Project Path="Client/WarFare/WarFare.vcxproj">
    <BuildDependency Project="Client/JpegFile/JpegFile.vcxproj" />
    <BuildDependency Project="Client/N3Base/N3Base_client.vcxproj" />
    <BuildDependency Project="deps/fetch-and-build-wrappers/fetch-ko-client-assets.vcxproj" />
    <BuildDependency Project="shared/shared.vcxproj" />
  </Project>
</Solution>
