<Solution>
  <Configurations>
    <Platform Name="Win32" />
    <Platform Name="x64" />
  </Configurations>
  <Folder Name="/tests/">
    <Project Path="FileIO/tests/FileIO-tests.vcxproj">
      <BuildDependency Project="FileIO/FileIO.vcxproj" />
    </Project>
    <Project Path="MathUtils/tests/MathUtils-tests.vcxproj">
      <BuildDependency Project="deps/fetch-and-build-wrappers/fetch-googletest.vcxproj" />
      <BuildDependency Project="MathUtils/MathUtils.vcxproj" />
    </Project>
  </Folder>
  <Folder Name="/_deps/">
    <Project Path="Client/JpegFile/JpegFile.vcxproj">
      <BuildDependency Project="deps/fetch-and-build-wrappers/fetch-libjpeg-turbo.vcxproj" />
    </Project>
    <Project Path="Client/N3Base/N3Base_client.vcxproj">
      <BuildDependency Project="deps/fetch-and-build-wrappers/fetch-dx9sdk.vcxproj" />
      <BuildDependency Project="deps/fetch-and-build-wrappers/fetch-mpg123.vcxproj" />
      <BuildDependency Project="FileIO/FileIO.vcxproj" />
      <BuildDependency Project="shared/shared.vcxproj" />
    </Project>
    <Project Path="Client/N3Base/N3Base_tool.vcxproj">
      <BuildDependency Project="deps/fetch-and-build-wrappers/fetch-dx9sdk.vcxproj" />
      <BuildDependency Project="deps/fetch-and-build-wrappers/fetch-mpg123.vcxproj" />
      <BuildDependency Project="FileIO/FileIO.vcxproj" />
      <BuildDependency Project="shared/shared.vcxproj" />
    </Project>
    <Project Path="deps/db-library-msvc/db-library.vcxproj">
      <BuildDependency Project="deps/fetch-and-build-wrappers/fetch-db-models.vcxproj" />
      <BuildDependency Project="deps/fetch-and-build-wrappers/fetch-spdlog.vcxproj" />
      <Build Project="false" />
    </Project>
    <Project Path="deps/db-models-msvc/db-models.vcxproj">
      <BuildDependency Project="deps/fetch-and-build-wrappers/fetch-db-models.vcxproj" />
      <Build Project="false" />
    </Project>
    <Project Path="deps/ZipArchive/ZipArchive.vcxproj">
      <BuildDependency Project="deps/fetch-and-build-wrappers/fetch-zlib.vcxproj" />
    </Project>
    <Project Path="FileIO/FileIO.vcxproj">
      <BuildDependency Project="deps/fetch-and-build-wrappers/fetch-llfio.vcxproj" />
    </Project>
    <Project Path="MathUtils/MathUtils.vcxproj" />
    <Project Path="Server/shared-server/shared-server.vcxproj">
      <BuildDependency Project="deps/fetch-and-build-wrappers/fetch-argparse.vcxproj" />
      <BuildDependency Project="deps/fetch-and-build-wrappers/fetch-asio.vcxproj" />
      <BuildDependency Project="deps/fetch-and-build-wrappers/fetch-boost.vcxproj" />
      <BuildDependency Project="deps/fetch-and-build-wrappers/fetch-FTXUI.vcxproj" />
      <BuildDependency Project="deps/fetch-and-build-wrappers/fetch-spdlog.vcxproj" />
      <BuildDependency Project="shared/shared.vcxproj" />
    </Project>
    <Project Path="shared/shared.vcxproj">
      <BuildDependency Project="deps/fetch-and-build-wrappers/fetch-spdlog.vcxproj" />
    </Project>
  </Folder>
  <Folder Name="/_deps/fetch wrappers/">
    <Project Path="deps/fetch-and-build-wrappers/fetch-argparse.vcxproj" />
    <Project Path="deps/fetch-and-build-wrappers/fetch-asio.vcxproj">
      <BuildDependency Project="deps/fetch-and-build-wrappers/sync-submodules.vcxproj" />
    </Project>
    <Project Path="deps/fetch-and-build-wrappers/fetch-boost.vcxproj">
      <BuildDependency Project="deps/fetch-and-build-wrappers/sync-submodules.vcxproj" />
    </Project>
    <Project Path="deps/fetch-and-build-wrappers/fetch-db-library.vcxproj">
      <BuildDependency Project="deps/fetch-and-build-wrappers/fetch-db-models.vcxproj" />
      <BuildDependency Project="deps/fetch-and-build-wrappers/fetch-spdlog.vcxproj" />
      <BuildDependency Project="deps/fetch-and-build-wrappers/sync-submodules.vcxproj" />
    </Project>
    <Project Path="deps/fetch-and-build-wrappers/fetch-db-models.vcxproj">
      <BuildDependency Project="deps/fetch-and-build-wrappers/fetch-nanodbc.vcxproj" />
      <BuildDependency Project="deps/fetch-and-build-wrappers/sync-submodules.vcxproj" />
    </Project>
    <Project Path="deps/fetch-and-build-wrappers/fetch-djb2.vcxproj">
      <BuildDependency Project="deps/fetch-and-build-wrappers/sync-submodules.vcxproj" />
    </Project>
    <Project Path="deps/fetch-and-build-wrappers/fetch-dx9sdk.vcxproj">
      <BuildDependency Project="deps/fetch-and-build-wrappers/sync-submodules.vcxproj" />
    </Project>
    <Project Path="deps/fetch-and-build-wrappers/fetch-FTXUI.vcxproj">
      <BuildDependency Project="deps/fetch-and-build-wrappers/sync-submodules.vcxproj" />
    </Project>
    <Project Path="deps/fetch-and-build-wrappers/fetch-googletest.vcxproj">
      <BuildDependency Project="deps/fetch-and-build-wrappers/sync-submodules.vcxproj" />
    </Project>
    <Project Path="deps/fetch-and-build-wrappers/fetch-ko-client-assets.vcxproj">
      <BuildDependency Project="deps/fetch-and-build-wrappers/sync-submodules.vcxproj" />
    </Project>
    <Project Path="deps/fetch-and-build-wrappers/fetch-libjpeg-turbo.vcxproj">
      <BuildDependency Project="deps/fetch-and-build-wrappers/sync-submodules.vcxproj" />
    </Project>
    <Project Path="deps/fetch-and-build-wrappers/fetch-llfio-msvc-dep-headers.vcxproj">
      <BuildDependency Project="deps/fetch-and-build-wrappers/sync-submodules.vcxproj" />
    </Project>
    <Project Path="deps/fetch-and-build-wrappers/fetch-llfio.vcxproj">
      <BuildDependency Project="deps/fetch-and-build-wrappers/fetch-llfio-msvc-dep-headers.vcxproj" />
    </Project>
    <Project Path="deps/fetch-and-build-wrappers/fetch-mpg123.vcxproj">
      <BuildDependency Project="deps/fetch-and-build-wrappers/sync-submodules.vcxproj" />
    </Project>
    <Project Path="deps/fetch-and-build-wrappers/fetch-nanodbc.vcxproj">
      <BuildDependency Project="deps/fetch-and-build-wrappers/sync-submodules.vcxproj" />
    </Project>
    <Project Path="deps/fetch-and-build-wrappers/fetch-spdlog.vcxproj">
      <BuildDependency Project="deps/fetch-and-build-wrappers/sync-submodules.vcxproj" />
    </Project>
    <Project Path="deps/fetch-and-build-wrappers/fetch-zlib.vcxproj">
      <BuildDependency Project="deps/fetch-and-build-wrappers/sync-submodules.vcxproj" />
    </Project>
    <Project Path="deps/fetch-and-build-wrappers/sync-submodules.vcxproj" />
  </Folder>
</Solution>
