
Microsoft Visual Studio Solution File, Format Version 12.00
# Visual Studio Version 17
VisualStudioVersion = 17.11.35303.130
MinimumVisualStudioVersion = 10.0.40219.1
Project("{8BC9CEB8-8B4A-11D0-8D11-00A0C91BC942}") = "zlib", "deps\zlib-msvc\zlib.vcxproj", "{7F0E1487-09C5-400A-978A-DA496CF23C34}"
	ProjectSection(ProjectDependencies) = postProject
		{99B647BC-D49E-4322-C338-DC20ACC4239B} = {99B647BC-D49E-4322-C338-DC20ACC4239B}
	EndProjectSection
EndProject
Project("{2150E333-8FDC-42A3-9474-1A3956D46DE8}") = "fetch wrappers", "fetch wrappers", "{02EA681E-C7D8-13C7-8484-4AC65E1B71E8}"
EndProject
Project("{8BC9CEB8-8B4A-11D0-8D11-00A0C91BC942}") = "fetch-zlib", "deps\fetch-and-build-wrappers\fetch-zlib.vcxproj", "{99B647BC-D49E-4322-C338-DC20ACC4239B}"
	ProjectSection(ProjectDependencies) = postProject
		{1F14357D-E06A-48A1-B39A-74082F381FC0} = {1F14357D-E06A-48A1-B39A-74082F381FC0}
	EndProjectSection
EndProject
Project("{8BC9CEB8-8B4A-11D0-8D11-00A0C91BC942}") = "fetch-libjpeg-turbo", "deps\fetch-and-build-wrappers\fetch-libjpeg-turbo.vcxproj", "{56988836-40F9-F81D-C8B4-4DC1CE5901E2}"
	ProjectSection(ProjectDependencies) = postProject
		{1F14357D-E06A-48A1-B39A-74082F381FC0} = {1F14357D-E06A-48A1-B39A-74082F381FC0}
	EndProjectSection
EndProject
Project("{8BC9CEB8-8B4A-11D0-8D11-00A0C91BC942}") = "jpeg-static", "deps\libjpeg-turbo-msvc\jpeg-static.vcxproj", "{569846A7-5A48-3B16-BB39-BE89E1C71CAA}"
	ProjectSection(ProjectDependencies) = postProject
		{56988836-40F9-F81D-C8B4-4DC1CE5901E2} = {56988836-40F9-F81D-C8B4-4DC1CE5901E2}
	EndProjectSection
EndProject
Project("{8BC9CEB8-8B4A-11D0-8D11-00A0C91BC942}") = "db-models", "deps\db-models-msvc\db-models.vcxproj", "{17EF3A49-55B8-4FB6-883F-D1D02E20C11D}"
	ProjectSection(ProjectDependencies) = postProject
		{057C1ABC-6137-37A9-9935-8CF811D7CEDA} = {057C1ABC-6137-37A9-9935-8CF811D7CEDA}
	EndProjectSection
EndProject
Project("{8BC9CEB8-8B4A-11D0-8D11-00A0C91BC942}") = "fetch-db-models", "deps\fetch-and-build-wrappers\fetch-db-models.vcxproj", "{057C1ABC-6137-37A9-9935-8CF811D7CEDA}"
	ProjectSection(ProjectDependencies) = postProject
		{1F14357D-E06A-48A1-B39A-74082F381FC0} = {1F14357D-E06A-48A1-B39A-74082F381FC0}
		{3F38FD98-5C7E-97C7-70A9-FDA7E34A0CFC} = {3F38FD98-5C7E-97C7-70A9-FDA7E34A0CFC}
	EndProjectSection
EndProject
Project("{8BC9CEB8-8B4A-11D0-8D11-00A0C91BC942}") = "fetch-nanodbc", "deps\fetch-and-build-wrappers\fetch-nanodbc.vcxproj", "{3F38FD98-5C7E-97C7-70A9-FDA7E34A0CFC}"
	ProjectSection(ProjectDependencies) = postProject
		{1F14357D-E06A-48A1-B39A-74082F381FC0} = {1F14357D-E06A-48A1-B39A-74082F381FC0}
	EndProjectSection
EndProject
Project("{8BC9CEB8-8B4A-11D0-8D11-00A0C91BC942}") = "nanodbc", "deps\nanodbc-msvc\nanodbc.vcxproj", "{ADBAE15C-F602-4531-8E80-1C3ED2F2D859}"
	ProjectSection(ProjectDependencies) = postProject
		{3F38FD98-5C7E-97C7-70A9-FDA7E34A0CFC} = {3F38FD98-5C7E-97C7-70A9-FDA7E34A0CFC}
	EndProjectSection
EndProject
Project("{8BC9CEB8-8B4A-11D0-8D11-00A0C91BC942}") = "fetch-spdlog", "deps\fetch-and-build-wrappers\fetch-spdlog.vcxproj", "{10898C84-AF45-F0B0-5144-EA801DF15503}"
	ProjectSection(ProjectDependencies) = postProject
		{1F14357D-E06A-48A1-B39A-74082F381FC0} = {1F14357D-E06A-48A1-B39A-74082F381FC0}
	EndProjectSection
EndProject
Project("{8BC9CEB8-8B4A-11D0-8D11-00A0C91BC942}") = "spdlog", "deps\spdlog-msvc\spdlog.vcxproj", "{0888A97F-4754-7968-1176-1349CFDD6018}"
	ProjectSection(ProjectDependencies) = postProject
		{10898C84-AF45-F0B0-5144-EA801DF15503} = {10898C84-AF45-F0B0-5144-EA801DF15503}
	EndProjectSection
EndProject
Project("{8BC9CEB8-8B4A-11D0-8D11-00A0C91BC942}") = "fetch-mpg123", "deps\fetch-and-build-wrappers\fetch-mpg123.vcxproj", "{B24123A5-2FE3-4AD6-9B8D-C3090E87408D}"
	ProjectSection(ProjectDependencies) = postProject
		{1F14357D-E06A-48A1-B39A-74082F381FC0} = {1F14357D-E06A-48A1-B39A-74082F381FC0}
	EndProjectSection
EndProject
Project("{8BC9CEB8-8B4A-11D0-8D11-00A0C91BC942}") = "mpg123", "deps\mpg123-msvc\mpg123.vcxproj", "{C93D6595-CD66-4E98-B99D-31DA0E2EC408}"
	ProjectSection(ProjectDependencies) = postProject
		{B24123A5-2FE3-4AD6-9B8D-C3090E87408D} = {B24123A5-2FE3-4AD6-9B8D-C3090E87408D}
	EndProjectSection
EndProject
Project("{8BC9CEB8-8B4A-11D0-8D11-00A0C91BC942}") = "fetch-asio", "deps\fetch-and-build-wrappers\fetch-asio.vcxproj", "{98F92112-9EC7-4F20-A6C3-A0346ACB271C}"
	ProjectSection(ProjectDependencies) = postProject
		{1F14357D-E06A-48A1-B39A-74082F381FC0} = {1F14357D-E06A-48A1-B39A-74082F381FC0}
	EndProjectSection
EndProject
Project("{8BC9CEB8-8B4A-11D0-8D11-00A0C91BC942}") = "fetch-boost", "deps\fetch-and-build-wrappers\fetch-boost.vcxproj", "{1B69C1F8-B156-4BCA-AAD3-168FB37B08CF}"
	ProjectSection(ProjectDependencies) = postProject
		{1F14357D-E06A-48A1-B39A-74082F381FC0} = {1F14357D-E06A-48A1-B39A-74082F381FC0}
	EndProjectSection
EndProject
Project("{8BC9CEB8-8B4A-11D0-8D11-00A0C91BC942}") = "fetch-djb2", "deps\fetch-and-build-wrappers\fetch-djb2.vcxproj", "{9E410F3D-EF94-41FA-A373-B2136D5F3D1E}"
	ProjectSection(ProjectDependencies) = postProject
		{1F14357D-E06A-48A1-B39A-74082F381FC0} = {1F14357D-E06A-48A1-B39A-74082F381FC0}
	EndProjectSection
EndProject
Project("{8BC9CEB8-8B4A-11D0-8D11-00A0C91BC942}") = "fetch-FTXUI", "deps\fetch-and-build-wrappers\fetch-FTXUI.vcxproj", "{418A7A17-10EC-4159-8D0F-CC49BAF6EC35}"
	ProjectSection(ProjectDependencies) = postProject
		{1F14357D-E06A-48A1-B39A-74082F381FC0} = {1F14357D-E06A-48A1-B39A-74082F381FC0}
	EndProjectSection
EndProject
Project("{8BC9CEB8-8B4A-11D0-8D11-00A0C91BC942}") = "sync-submodules", "deps\fetch-and-build-wrappers\sync-submodules.vcxproj", "{1F14357D-E06A-48A1-B39A-74082F381FC0}"
EndProject
Project("{8BC9CEB8-8B4A-11D0-8D11-00A0C91BC942}") = "asio", "deps\asio-msvc\asio.vcxproj", "{31A619E1-4EB1-4F00-800D-22E68D8AB651}"
EndProject
Project("{8BC9CEB8-8B4A-11D0-8D11-00A0C91BC942}") = "FTXUI", "deps\FTXUI-msvc\FTXUI.vcxproj", "{EF723FC6-BAC2-4A95-9816-8F9AA8F9D52E}"
EndProject
Project("{8BC9CEB8-8B4A-11D0-8D11-00A0C91BC942}") = "fetch-googletest", "deps\fetch-and-build-wrappers\fetch-googletest.vcxproj", "{D4F3D338-A7EF-430C-AD99-2FC6A591A711}"
	ProjectSection(ProjectDependencies) = postProject
		{1F14357D-E06A-48A1-B39A-74082F381FC0} = {1F14357D-E06A-48A1-B39A-74082F381FC0}
	EndProjectSection
EndProject
Project("{8BC9CEB8-8B4A-11D0-8D11-00A0C91BC942}") = "fetch-llfio", "deps\fetch-and-build-wrappers\fetch-llfio.vcxproj", "{47BEB39C-B62A-4E48-8A9F-0DED4450CF9E}"
	ProjectSection(ProjectDependencies) = postProject
		{673F0D3F-F447-43FD-856E-FAB4E776DEBC} = {673F0D3F-F447-43FD-856E-FAB4E776DEBC}
	EndProjectSection
EndProject
Project("{8BC9CEB8-8B4A-11D0-8D11-00A0C91BC942}") = "fetch-llfio-msvc-dep-headers", "deps\fetch-and-build-wrappers\fetch-llfio-msvc-dep-headers.vcxproj", "{673F0D3F-F447-43FD-856E-FAB4E776DEBC}"
	ProjectSection(ProjectDependencies) = postProject
		{1F14357D-E06A-48A1-B39A-74082F381FC0} = {1F14357D-E06A-48A1-B39A-74082F381FC0}
	EndProjectSection
EndProject
Global
	GlobalSection(SolutionConfigurationPlatforms) = preSolution
		Debug|Win32 = Debug|Win32
		Debug|x64 = Debug|x64
		Release|Win32 = Release|Win32
		Release|x64 = Release|x64
	EndGlobalSection
	GlobalSection(ProjectConfigurationPlatforms) = postSolution
		{7F0E1487-09C5-400A-978A-DA496CF23C34}.Debug|Win32.ActiveCfg = Debug|Win32
		{7F0E1487-09C5-400A-978A-DA496CF23C34}.Debug|x64.ActiveCfg = Debug|x64
		{7F0E1487-09C5-400A-978A-DA496CF23C34}.Release|Win32.ActiveCfg = Release|Win32
		{7F0E1487-09C5-400A-978A-DA496CF23C34}.Release|x64.ActiveCfg = Release|x64
		{99B647BC-D49E-4322-C338-DC20ACC4239B}.Debug|Win32.ActiveCfg = Debug|Win32
		{99B647BC-D49E-4322-C338-DC20ACC4239B}.Debug|Win32.Build.0 = Debug|Win32
		{99B647BC-D49E-4322-C338-DC20ACC4239B}.Debug|x64.ActiveCfg = Debug|x64
		{99B647BC-D49E-4322-C338-DC20ACC4239B}.Debug|x64.Build.0 = Debug|x64
		{99B647BC-D49E-4322-C338-DC20ACC4239B}.Release|Win32.ActiveCfg = Release|Win32
		{99B647BC-D49E-4322-C338-DC20ACC4239B}.Release|Win32.Build.0 = Release|Win32
		{99B647BC-D49E-4322-C338-DC20ACC4239B}.Release|x64.ActiveCfg = Release|x64
		{99B647BC-D49E-4322-C338-DC20ACC4239B}.Release|x64.Build.0 = Release|x64
		{56988836-40F9-F81D-C8B4-4DC1CE5901E2}.Debug|Win32.ActiveCfg = Debug|Win32
		{56988836-40F9-F81D-C8B4-4DC1CE5901E2}.Debug|Win32.Build.0 = Debug|Win32
		{56988836-40F9-F81D-C8B4-4DC1CE5901E2}.Debug|x64.ActiveCfg = Debug|x64
		{56988836-40F9-F81D-C8B4-4DC1CE5901E2}.Debug|x64.Build.0 = Debug|x64
		{56988836-40F9-F81D-C8B4-4DC1CE5901E2}.Release|Win32.ActiveCfg = Release|Win32
		{56988836-40F9-F81D-C8B4-4DC1CE5901E2}.Release|Win32.Build.0 = Release|Win32
		{56988836-40F9-F81D-C8B4-4DC1CE5901E2}.Release|x64.ActiveCfg = Release|x64
		{56988836-40F9-F81D-C8B4-4DC1CE5901E2}.Release|x64.Build.0 = Release|x64
		{569846A7-5A48-3B16-BB39-BE89E1C71CAA}.Debug|Win32.ActiveCfg = Debug|Win32
		{569846A7-5A48-3B16-BB39-BE89E1C71CAA}.Debug|x64.ActiveCfg = Debug|x64
		{569846A7-5A48-3B16-BB39-BE89E1C71CAA}.Release|Win32.ActiveCfg = Release|Win32
		{569846A7-5A48-3B16-BB39-BE89E1C71CAA}.Release|x64.ActiveCfg = Release|x64
		{17EF3A49-55B8-4FB6-883F-D1D02E20C11D}.Debug|Win32.ActiveCfg = Debug|Win32
		{17EF3A49-55B8-4FB6-883F-D1D02E20C11D}.Debug|x64.ActiveCfg = Debug|x64
		{17EF3A49-55B8-4FB6-883F-D1D02E20C11D}.Release|Win32.ActiveCfg = Release|Win32
		{17EF3A49-55B8-4FB6-883F-D1D02E20C11D}.Release|x64.ActiveCfg = Release|x64
		{057C1ABC-6137-37A9-9935-8CF811D7CEDA}.Debug|Win32.ActiveCfg = Debug|Win32
		{057C1ABC-6137-37A9-9935-8CF811D7CEDA}.Debug|Win32.Build.0 = Debug|Win32
		{057C1ABC-6137-37A9-9935-8CF811D7CEDA}.Debug|x64.ActiveCfg = Debug|x64
		{057C1ABC-6137-37A9-9935-8CF811D7CEDA}.Debug|x64.Build.0 = Debug|x64
		{057C1ABC-6137-37A9-9935-8CF811D7CEDA}.Release|Win32.ActiveCfg = Release|Win32
		{057C1ABC-6137-37A9-9935-8CF811D7CEDA}.Release|Win32.Build.0 = Release|Win32
		{057C1ABC-6137-37A9-9935-8CF811D7CEDA}.Release|x64.ActiveCfg = Release|x64
		{057C1ABC-6137-37A9-9935-8CF811D7CEDA}.Release|x64.Build.0 = Release|x64
		{3F38FD98-5C7E-97C7-70A9-FDA7E34A0CFC}.Debug|Win32.ActiveCfg = Debug|Win32
		{3F38FD98-5C7E-97C7-70A9-FDA7E34A0CFC}.Debug|Win32.Build.0 = Debug|Win32
		{3F38FD98-5C7E-97C7-70A9-FDA7E34A0CFC}.Debug|x64.ActiveCfg = Debug|x64
		{3F38FD98-5C7E-97C7-70A9-FDA7E34A0CFC}.Debug|x64.Build.0 = Debug|x64
		{3F38FD98-5C7E-97C7-70A9-FDA7E34A0CFC}.Release|Win32.ActiveCfg = Release|Win32
		{3F38FD98-5C7E-97C7-70A9-FDA7E34A0CFC}.Release|Win32.Build.0 = Release|Win32
		{3F38FD98-5C7E-97C7-70A9-FDA7E34A0CFC}.Release|x64.ActiveCfg = Release|x64
		{3F38FD98-5C7E-97C7-70A9-FDA7E34A0CFC}.Release|x64.Build.0 = Release|x64
		{ADBAE15C-F602-4531-8E80-1C3ED2F2D859}.Debug|Win32.ActiveCfg = Debug|Win32
		{ADBAE15C-F602-4531-8E80-1C3ED2F2D859}.Debug|x64.ActiveCfg = Debug|x64
		{ADBAE15C-F602-4531-8E80-1C3ED2F2D859}.Release|Win32.ActiveCfg = Release|Win32
		{ADBAE15C-F602-4531-8E80-1C3ED2F2D859}.Release|x64.ActiveCfg = Release|x64
		{10898C84-AF45-F0B0-5144-EA801DF15503}.Debug|Win32.ActiveCfg = Debug|Win32
		{10898C84-AF45-F0B0-5144-EA801DF15503}.Debug|Win32.Build.0 = Debug|Win32
		{10898C84-AF45-F0B0-5144-EA801DF15503}.Debug|x64.ActiveCfg = Debug|x64
		{10898C84-AF45-F0B0-5144-EA801DF15503}.Debug|x64.Build.0 = Debug|x64
		{10898C84-AF45-F0B0-5144-EA801DF15503}.Release|Win32.ActiveCfg = Release|Win32
		{10898C84-AF45-F0B0-5144-EA801DF15503}.Release|Win32.Build.0 = Release|Win32
		{10898C84-AF45-F0B0-5144-EA801DF15503}.Release|x64.ActiveCfg = Release|x64
		{10898C84-AF45-F0B0-5144-EA801DF15503}.Release|x64.Build.0 = Release|x64
		{0888A97F-4754-7968-1176-1349CFDD6018}.Debug|Win32.ActiveCfg = Debug|Win32
		{0888A97F-4754-7968-1176-1349CFDD6018}.Debug|x64.ActiveCfg = Debug|x64
		{0888A97F-4754-7968-1176-1349CFDD6018}.Release|Win32.ActiveCfg = Release|Win32
		{0888A97F-4754-7968-1176-1349CFDD6018}.Release|x64.ActiveCfg = Release|x64
		{B24123A5-2FE3-4AD6-9B8D-C3090E87408D}.Debug|Win32.ActiveCfg = Debug|Win32
		{B24123A5-2FE3-4AD6-9B8D-C3090E87408D}.Debug|Win32.Build.0 = Debug|Win32
		{B24123A5-2FE3-4AD6-9B8D-C3090E87408D}.Debug|x64.ActiveCfg = Debug|x64
		{B24123A5-2FE3-4AD6-9B8D-C3090E87408D}.Debug|x64.Build.0 = Debug|x64
		{B24123A5-2FE3-4AD6-9B8D-C3090E87408D}.Release|Win32.ActiveCfg = Release|Win32
		{B24123A5-2FE3-4AD6-9B8D-C3090E87408D}.Release|Win32.Build.0 = Release|Win32
		{B24123A5-2FE3-4AD6-9B8D-C3090E87408D}.Release|x64.ActiveCfg = Release|x64
		{B24123A5-2FE3-4AD6-9B8D-C3090E87408D}.Release|x64.Build.0 = Release|x64
		{C93D6595-CD66-4E98-B99D-31DA0E2EC408}.Debug|Win32.ActiveCfg = Debug|Win32
		{C93D6595-CD66-4E98-B99D-31DA0E2EC408}.Debug|x64.ActiveCfg = Debug|x64
		{C93D6595-CD66-4E98-B99D-31DA0E2EC408}.Release|Win32.ActiveCfg = Release|Win32
		{C93D6595-CD66-4E98-B99D-31DA0E2EC408}.Release|x64.ActiveCfg = Release|x64
		{98F92112-9EC7-4F20-A6C3-A0346ACB271C}.Debug|Win32.ActiveCfg = Debug|Win32
		{98F92112-9EC7-4F20-A6C3-A0346ACB271C}.Debug|Win32.Build.0 = Debug|Win32
		{98F92112-9EC7-4F20-A6C3-A0346ACB271C}.Debug|x64.ActiveCfg = Debug|x64
		{98F92112-9EC7-4F20-A6C3-A0346ACB271C}.Debug|x64.Build.0 = Debug|x64
		{98F92112-9EC7-4F20-A6C3-A0346ACB271C}.Release|Win32.ActiveCfg = Release|Win32
		{98F92112-9EC7-4F20-A6C3-A0346ACB271C}.Release|Win32.Build.0 = Release|Win32
		{98F92112-9EC7-4F20-A6C3-A0346ACB271C}.Release|x64.ActiveCfg = Release|x64
		{98F92112-9EC7-4F20-A6C3-A0346ACB271C}.Release|x64.Build.0 = Release|x64
		{1B69C1F8-B156-4BCA-AAD3-168FB37B08CF}.Debug|Win32.ActiveCfg = Debug|Win32
		{1B69C1F8-B156-4BCA-AAD3-168FB37B08CF}.Debug|Win32.Build.0 = Debug|Win32
		{1B69C1F8-B156-4BCA-AAD3-168FB37B08CF}.Debug|x64.ActiveCfg = Debug|x64
		{1B69C1F8-B156-4BCA-AAD3-168FB37B08CF}.Debug|x64.Build.0 = Debug|x64
		{1B69C1F8-B156-4BCA-AAD3-168FB37B08CF}.Release|Win32.ActiveCfg = Release|Win32
		{1B69C1F8-B156-4BCA-AAD3-168FB37B08CF}.Release|Win32.Build.0 = Release|Win32
		{1B69C1F8-B156-4BCA-AAD3-168FB37B08CF}.Release|x64.ActiveCfg = Release|x64
		{1B69C1F8-B156-4BCA-AAD3-168FB37B08CF}.Release|x64.Build.0 = Release|x64
		{9E410F3D-EF94-41FA-A373-B2136D5F3D1E}.Debug|Win32.ActiveCfg = Debug|Win32
		{9E410F3D-EF94-41FA-A373-B2136D5F3D1E}.Debug|Win32.Build.0 = Debug|Win32
		{9E410F3D-EF94-41FA-A373-B2136D5F3D1E}.Debug|x64.ActiveCfg = Debug|x64
		{9E410F3D-EF94-41FA-A373-B2136D5F3D1E}.Debug|x64.Build.0 = Debug|x64
		{9E410F3D-EF94-41FA-A373-B2136D5F3D1E}.Release|Win32.ActiveCfg = Release|Win32
		{9E410F3D-EF94-41FA-A373-B2136D5F3D1E}.Release|Win32.Build.0 = Release|Win32
		{9E410F3D-EF94-41FA-A373-B2136D5F3D1E}.Release|x64.ActiveCfg = Release|x64
		{9E410F3D-EF94-41FA-A373-B2136D5F3D1E}.Release|x64.Build.0 = Release|x64
		{418A7A17-10EC-4159-8D0F-CC49BAF6EC35}.Debug|Win32.ActiveCfg = Debug|Win32
		{418A7A17-10EC-4159-8D0F-CC49BAF6EC35}.Debug|Win32.Build.0 = Debug|Win32
		{418A7A17-10EC-4159-8D0F-CC49BAF6EC35}.Debug|x64.ActiveCfg = Debug|x64
		{418A7A17-10EC-4159-8D0F-CC49BAF6EC35}.Debug|x64.Build.0 = Debug|x64
		{418A7A17-10EC-4159-8D0F-CC49BAF6EC35}.Release|Win32.ActiveCfg = Release|Win32
		{418A7A17-10EC-4159-8D0F-CC49BAF6EC35}.Release|Win32.Build.0 = Release|Win32
		{418A7A17-10EC-4159-8D0F-CC49BAF6EC35}.Release|x64.ActiveCfg = Release|x64
		{418A7A17-10EC-4159-8D0F-CC49BAF6EC35}.Release|x64.Build.0 = Release|x64
		{1F14357D-E06A-48A1-B39A-74082F381FC0}.Debug|Win32.ActiveCfg = Debug|Win32
		{1F14357D-E06A-48A1-B39A-74082F381FC0}.Debug|Win32.Build.0 = Debug|Win32
		{1F14357D-E06A-48A1-B39A-74082F381FC0}.Debug|x64.ActiveCfg = Debug|x64
		{1F14357D-E06A-48A1-B39A-74082F381FC0}.Debug|x64.Build.0 = Debug|x64
		{1F14357D-E06A-48A1-B39A-74082F381FC0}.Release|Win32.ActiveCfg = Release|Win32
		{1F14357D-E06A-48A1-B39A-74082F381FC0}.Release|Win32.Build.0 = Release|Win32
		{1F14357D-E06A-48A1-B39A-74082F381FC0}.Release|x64.ActiveCfg = Release|x64
		{1F14357D-E06A-48A1-B39A-74082F381FC0}.Release|x64.Build.0 = Release|x64
		{31A619E1-4EB1-4F00-800D-22E68D8AB651}.Debug|Win32.ActiveCfg = Debug|Win32
		{31A619E1-4EB1-4F00-800D-22E68D8AB651}.Debug|x64.ActiveCfg = Debug|x64
		{31A619E1-4EB1-4F00-800D-22E68D8AB651}.Release|Win32.ActiveCfg = Release|Win32
		{31A619E1-4EB1-4F00-800D-22E68D8AB651}.Release|x64.ActiveCfg = Release|x64
		{EF723FC6-BAC2-4A95-9816-8F9AA8F9D52E}.Debug|Win32.ActiveCfg = Debug|Win32
		{EF723FC6-BAC2-4A95-9816-8F9AA8F9D52E}.Debug|x64.ActiveCfg = Debug|x64
		{EF723FC6-BAC2-4A95-9816-8F9AA8F9D52E}.Release|Win32.ActiveCfg = Release|Win32
		{EF723FC6-BAC2-4A95-9816-8F9AA8F9D52E}.Release|x64.ActiveCfg = Release|x64
		{D4F3D338-A7EF-430C-AD99-2FC6A591A711}.Debug|Win32.ActiveCfg = Debug|Win32
		{D4F3D338-A7EF-430C-AD99-2FC6A591A711}.Debug|Win32.Build.0 = Debug|Win32
		{D4F3D338-A7EF-430C-AD99-2FC6A591A711}.Debug|x64.ActiveCfg = Debug|x64
		{D4F3D338-A7EF-430C-AD99-2FC6A591A711}.Debug|x64.Build.0 = Debug|x64
		{D4F3D338-A7EF-430C-AD99-2FC6A591A711}.Release|Win32.ActiveCfg = Release|Win32
		{D4F3D338-A7EF-430C-AD99-2FC6A591A711}.Release|Win32.Build.0 = Release|Win32
		{D4F3D338-A7EF-430C-AD99-2FC6A591A711}.Release|x64.ActiveCfg = Release|x64
		{D4F3D338-A7EF-430C-AD99-2FC6A591A711}.Release|x64.Build.0 = Release|x64
		{47BEB39C-B62A-4E48-8A9F-0DED4450CF9E}.Debug|Win32.ActiveCfg = Debug|Win32
		{47BEB39C-B62A-4E48-8A9F-0DED4450CF9E}.Debug|Win32.Build.0 = Debug|Win32
		{47BEB39C-B62A-4E48-8A9F-0DED4450CF9E}.Debug|x64.ActiveCfg = Debug|x64
		{47BEB39C-B62A-4E48-8A9F-0DED4450CF9E}.Debug|x64.Build.0 = Debug|x64
		{47BEB39C-B62A-4E48-8A9F-0DED4450CF9E}.Release|Win32.ActiveCfg = Release|Win32
		{47BEB39C-B62A-4E48-8A9F-0DED4450CF9E}.Release|Win32.Build.0 = Release|Win32
		{47BEB39C-B62A-4E48-8A9F-0DED4450CF9E}.Release|x64.ActiveCfg = Release|x64
		{47BEB39C-B62A-4E48-8A9F-0DED4450CF9E}.Release|x64.Build.0 = Release|x64
		{673F0D3F-F447-43FD-856E-FAB4E776DEBC}.Debug|Win32.ActiveCfg = Debug|Win32
		{673F0D3F-F447-43FD-856E-FAB4E776DEBC}.Debug|Win32.Build.0 = Debug|Win32
		{673F0D3F-F447-43FD-856E-FAB4E776DEBC}.Debug|x64.ActiveCfg = Debug|x64
		{673F0D3F-F447-43FD-856E-FAB4E776DEBC}.Debug|x64.Build.0 = Debug|x64
		{673F0D3F-F447-43FD-856E-FAB4E776DEBC}.Release|Win32.ActiveCfg = Release|Win32
		{673F0D3F-F447-43FD-856E-FAB4E776DEBC}.Release|Win32.Build.0 = Release|Win32
		{673F0D3F-F447-43FD-856E-FAB4E776DEBC}.Release|x64.ActiveCfg = Release|x64
		{673F0D3F-F447-43FD-856E-FAB4E776DEBC}.Release|x64.Build.0 = Release|x64
	EndGlobalSection
	GlobalSection(SolutionProperties) = preSolution
		HideSolutionNode = FALSE
	EndGlobalSection
	GlobalSection(NestedProjects) = preSolution
		{99B647BC-D49E-4322-C338-DC20ACC4239B} = {02EA681E-C7D8-13C7-8484-4AC65E1B71E8}
		{56988836-40F9-F81D-C8B4-4DC1CE5901E2} = {02EA681E-C7D8-13C7-8484-4AC65E1B71E8}
		{057C1ABC-6137-37A9-9935-8CF811D7CEDA} = {02EA681E-C7D8-13C7-8484-4AC65E1B71E8}
		{3F38FD98-5C7E-97C7-70A9-FDA7E34A0CFC} = {02EA681E-C7D8-13C7-8484-4AC65E1B71E8}
		{10898C84-AF45-F0B0-5144-EA801DF15503} = {02EA681E-C7D8-13C7-8484-4AC65E1B71E8}
		{B24123A5-2FE3-4AD6-9B8D-C3090E87408D} = {02EA681E-C7D8-13C7-8484-4AC65E1B71E8}
		{98F92112-9EC7-4F20-A6C3-A0346ACB271C} = {02EA681E-C7D8-13C7-8484-4AC65E1B71E8}
		{1B69C1F8-B156-4BCA-AAD3-168FB37B08CF} = {02EA681E-C7D8-13C7-8484-4AC65E1B71E8}
		{9E410F3D-EF94-41FA-A373-B2136D5F3D1E} = {02EA681E-C7D8-13C7-8484-4AC65E1B71E8}
		{418A7A17-10EC-4159-8D0F-CC49BAF6EC35} = {02EA681E-C7D8-13C7-8484-4AC65E1B71E8}
		{1F14357D-E06A-48A1-B39A-74082F381FC0} = {02EA681E-C7D8-13C7-8484-4AC65E1B71E8}
		{D4F3D338-A7EF-430C-AD99-2FC6A591A711} = {02EA681E-C7D8-13C7-8484-4AC65E1B71E8}
		{47BEB39C-B62A-4E48-8A9F-0DED4450CF9E} = {02EA681E-C7D8-13C7-8484-4AC65E1B71E8}
		{673F0D3F-F447-43FD-856E-FAB4E776DEBC} = {02EA681E-C7D8-13C7-8484-4AC65E1B71E8}
	EndGlobalSection
	GlobalSection(ExtensibilityGlobals) = postSolution
		SolutionGuid = {D9937074-3E07-4102-9EF1-BE6E87CF35E4}
	EndGlobalSection
EndGlobal
