
Microsoft Visual Studio Solution File, Format Version 12.00
# Visual Studio Version 17
VisualStudioVersion = 17.11.35303.130
MinimumVisualStudioVersion = 10.0.40219.1
Project("{8BC9CEB8-8B4A-11D0-8D11-00A0C91BC942}") = "UIE", "UIE\UIE.vcxproj", "{A3B3D543-E737-4888-83F6-6C696F4E6194}"
	ProjectSection(ProjectDependencies) = postProject
		{74C1CB7D-63CD-40D3-ABEA-2A17EB3719ED} = {74C1CB7D-63CD-40D3-ABEA-2A17EB3719ED}
	EndProjectSection
EndProject
Project("{8BC9CEB8-8B4A-11D0-8D11-00A0C91BC942}") = "ItemEditor", "ItemEditor\ItemEditor.vcxproj", "{734350E8-5586-46D9-8197-EEEEA3034D86}"
EndProject
Project("{8BC9CEB8-8B4A-11D0-8D11-00A0C91BC942}") = "shared", "shared\shared.vcxproj", "{C2FEB024-8E46-4533-918B-7196CAAA4E7D}"
	ProjectSection(ProjectDependencies) = postProject
		{10898C84-AF45-F0B0-5144-EA801DF15503} = {10898C84-AF45-F0B0-5144-EA801DF15503}
		{1B69C1F8-B156-4BCA-AAD3-168FB37B08CF} = {1B69C1F8-B156-4BCA-AAD3-168FB37B08CF}
	EndProjectSection
EndProject
Project("{2150E333-8FDC-42A3-9474-1A3956D46DE8}") = "_deps", "_deps", "{657121FA-968C-4276-9AA6-EC6692DC6465}"
EndProject
Project("{2150E333-8FDC-42A3-9474-1A3956D46DE8}") = "fetch wrappers", "fetch wrappers", "{02EA681E-C7D8-13C7-8484-4AC65E1B71E8}"
EndProject
Project("{8BC9CEB8-8B4A-11D0-8D11-00A0C91BC942}") = "N3CE", "N3CE\N3CE.vcxproj", "{1AD3FFCD-745F-4E6D-8698-F750EBB8DBCD}"
	ProjectSection(ProjectDependencies) = postProject
		{74C1CB7D-63CD-40D3-ABEA-2A17EB3719ED} = {74C1CB7D-63CD-40D3-ABEA-2A17EB3719ED}
	EndProjectSection
EndProject
Project("{8BC9CEB8-8B4A-11D0-8D11-00A0C91BC942}") = "N3FXE", "N3FXE\N3FXE.vcxproj", "{3756BA94-53B6-4AA6-9F21-036449B6A2C5}"
	ProjectSection(ProjectDependencies) = postProject
		{74C1CB7D-63CD-40D3-ABEA-2A17EB3719ED} = {74C1CB7D-63CD-40D3-ABEA-2A17EB3719ED}
	EndProjectSection
EndProject
Project("{8BC9CEB8-8B4A-11D0-8D11-00A0C91BC942}") = "N3ME", "N3ME\N3ME.vcxproj", "{1A926F1A-DA72-4D4A-8EA7-E511187398EB}"
	ProjectSection(ProjectDependencies) = postProject
		{74C1CB7D-63CD-40D3-ABEA-2A17EB3719ED} = {74C1CB7D-63CD-40D3-ABEA-2A17EB3719ED}
	EndProjectSection
EndProject
Project("{8BC9CEB8-8B4A-11D0-8D11-00A0C91BC942}") = "N3TexViewer", "N3TexViewer\N3TexViewer.vcxproj", "{92F48036-04E1-4BE4-BF62-886B265E6811}"
	ProjectSection(ProjectDependencies) = postProject
		{74C1CB7D-63CD-40D3-ABEA-2A17EB3719ED} = {74C1CB7D-63CD-40D3-ABEA-2A17EB3719ED}
	EndProjectSection
EndProject
Project("{8BC9CEB8-8B4A-11D0-8D11-00A0C91BC942}") = "N3Viewer", "N3Viewer\N3Viewer.vcxproj", "{644F8089-9AFD-49CE-A967-2E849C4A3E37}"
	ProjectSection(ProjectDependencies) = postProject
		{74C1CB7D-63CD-40D3-ABEA-2A17EB3719ED} = {74C1CB7D-63CD-40D3-ABEA-2A17EB3719ED}
	EndProjectSection
EndProject
Project("{8BC9CEB8-8B4A-11D0-8D11-00A0C91BC942}") = "SkyViewer", "SkyViewer\SkyViewer.vcxproj", "{007A6955-7539-45C1-A027-483ACB20BA43}"
	ProjectSection(ProjectDependencies) = postProject
		{74C1CB7D-63CD-40D3-ABEA-2A17EB3719ED} = {74C1CB7D-63CD-40D3-ABEA-2A17EB3719ED}
	EndProjectSection
EndProject
Project("{8BC9CEB8-8B4A-11D0-8D11-00A0C91BC942}") = "TblEditor", "TblEditor\TblEditor.vcxproj", "{98BDB1F7-63EE-9D53-6DF8-B89B2B7A8BF3}"
	ProjectSection(ProjectDependencies) = postProject
		{50D2B40A-5AE4-F5FB-4D79-AC6CC3C75274} = {50D2B40A-5AE4-F5FB-4D79-AC6CC3C75274}
		{C2FEB024-8E46-4533-918B-7196CAAA4E7D} = {C2FEB024-8E46-4533-918B-7196CAAA4E7D}
	EndProjectSection
EndProject
Project("{8BC9CEB8-8B4A-11D0-8D11-00A0C91BC942}") = "fetch-dx9sdk", "deps\fetch-and-build-wrappers\fetch-dx9sdk.vcxproj", "{50D2B40A-5AE4-F5FB-4D79-AC6CC3C75274}"
	ProjectSection(ProjectDependencies) = postProject
		{1F14357D-E06A-48A1-B39A-74082F381FC0} = {1F14357D-E06A-48A1-B39A-74082F381FC0}
	EndProjectSection
EndProject
Project("{8BC9CEB8-8B4A-11D0-8D11-00A0C91BC942}") = "fetch-mpg123", "deps\fetch-and-build-wrappers\fetch-mpg123.vcxproj", "{B24123A5-2FE3-4AD6-9B8D-C3090E87408D}"
	ProjectSection(ProjectDependencies) = postProject
		{1F14357D-E06A-48A1-B39A-74082F381FC0} = {1F14357D-E06A-48A1-B39A-74082F381FC0}
	EndProjectSection
EndProject
Project("{8BC9CEB8-8B4A-11D0-8D11-00A0C91BC942}") = "fetch-spdlog", "deps\fetch-and-build-wrappers\fetch-spdlog.vcxproj", "{10898C84-AF45-F0B0-5144-EA801DF15503}"
	ProjectSection(ProjectDependencies) = postProject
		{1F14357D-E06A-48A1-B39A-74082F381FC0} = {1F14357D-E06A-48A1-B39A-74082F381FC0}
	EndProjectSection
EndProject
Project("{8BC9CEB8-8B4A-11D0-8D11-00A0C91BC942}") = "fetch-boost", "deps\fetch-and-build-wrappers\fetch-boost.vcxproj", "{1B69C1F8-B156-4BCA-AAD3-168FB37B08CF}"
	ProjectSection(ProjectDependencies) = postProject
		{1F14357D-E06A-48A1-B39A-74082F381FC0} = {1F14357D-E06A-48A1-B39A-74082F381FC0}
	EndProjectSection
EndProject
Project("{8BC9CEB8-8B4A-11D0-8D11-00A0C91BC942}") = "sync-submodules", "deps\fetch-and-build-wrappers\sync-submodules.vcxproj", "{1F14357D-E06A-48A1-B39A-74082F381FC0}"
EndProject
Project("{8BC9CEB8-8B4A-11D0-8D11-00A0C91BC942}") = "N3Base_tool", "Client\N3Base\N3Base_tool.vcxproj", "{74C1CB7D-63CD-40D3-ABEA-2A17EB3719ED}"
	ProjectSection(ProjectDependencies) = postProject
		{07CD39FE-8CB1-46A2-81AB-485F2CAE215F} = {07CD39FE-8CB1-46A2-81AB-485F2CAE215F}
		{10195386-62C0-4BDA-A8E3-B88F1C9F81AF} = {10195386-62C0-4BDA-A8E3-B88F1C9F81AF}
		{50D2B40A-5AE4-F5FB-4D79-AC6CC3C75274} = {50D2B40A-5AE4-F5FB-4D79-AC6CC3C75274}
		{B24123A5-2FE3-4AD6-9B8D-C3090E87408D} = {B24123A5-2FE3-4AD6-9B8D-C3090E87408D}
		{C2FEB024-8E46-4533-918B-7196CAAA4E7D} = {C2FEB024-8E46-4533-918B-7196CAAA4E7D}
	EndProjectSection
EndProject
Project("{8BC9CEB8-8B4A-11D0-8D11-00A0C91BC942}") = "MathUtils", "MathUtils\MathUtils.vcxproj", "{07CD39FE-8CB1-46A2-81AB-485F2CAE215F}"
EndProject
Project("{8BC9CEB8-8B4A-11D0-8D11-00A0C91BC942}") = "fetch-llfio", "deps\fetch-and-build-wrappers\fetch-llfio.vcxproj", "{47BEB39C-B62A-4E48-8A9F-0DED4450CF9E}"
	ProjectSection(ProjectDependencies) = postProject
		{673F0D3F-F447-43FD-856E-FAB4E776DEBC} = {673F0D3F-F447-43FD-856E-FAB4E776DEBC}
	EndProjectSection
EndProject
Project("{8BC9CEB8-8B4A-11D0-8D11-00A0C91BC942}") = "fetch-llfio-msvc-dep-headers", "deps\fetch-and-build-wrappers\fetch-llfio-msvc-dep-headers.vcxproj", "{673F0D3F-F447-43FD-856E-FAB4E776DEBC}"
	ProjectSection(ProjectDependencies) = postProject
		{1F14357D-E06A-48A1-B39A-74082F381FC0} = {1F14357D-E06A-48A1-B39A-74082F381FC0}
	EndProjectSection
EndProject
Project("{8BC9CEB8-8B4A-11D0-8D11-00A0C91BC942}") = "FileIO", "FileIO\FileIO.vcxproj", "{10195386-62C0-4BDA-A8E3-B88F1C9F81AF}"
	ProjectSection(ProjectDependencies) = postProject
		{47BEB39C-B62A-4E48-8A9F-0DED4450CF9E} = {47BEB39C-B62A-4E48-8A9F-0DED4450CF9E}
	EndProjectSection
EndProject
Global
	GlobalSection(SolutionConfigurationPlatforms) = preSolution
		Debug|Win32 = Debug|Win32
		Debug|x64 = Debug|x64
		Release|Win32 = Release|Win32
		Release|x64 = Release|x64
	EndGlobalSection
	GlobalSection(ProjectConfigurationPlatforms) = postSolution
		{A3B3D543-E737-4888-83F6-6C696F4E6194}.Debug|Win32.ActiveCfg = Debug|Win32
		{A3B3D543-E737-4888-83F6-6C696F4E6194}.Debug|Win32.Build.0 = Debug|Win32
		{A3B3D543-E737-4888-83F6-6C696F4E6194}.Debug|x64.ActiveCfg = Debug|x64
		{A3B3D543-E737-4888-83F6-6C696F4E6194}.Debug|x64.Build.0 = Debug|x64
		{A3B3D543-E737-4888-83F6-6C696F4E6194}.Release|Win32.ActiveCfg = Release|Win32
		{A3B3D543-E737-4888-83F6-6C696F4E6194}.Release|Win32.Build.0 = Release|Win32
		{A3B3D543-E737-4888-83F6-6C696F4E6194}.Release|x64.ActiveCfg = Release|x64
		{A3B3D543-E737-4888-83F6-6C696F4E6194}.Release|x64.Build.0 = Release|x64
		{734350E8-5586-46D9-8197-EEEEA3034D86}.Debug|Win32.ActiveCfg = Debug|Win32
		{734350E8-5586-46D9-8197-EEEEA3034D86}.Debug|Win32.Build.0 = Debug|Win32
		{734350E8-5586-46D9-8197-EEEEA3034D86}.Debug|x64.ActiveCfg = Debug|x64
		{734350E8-5586-46D9-8197-EEEEA3034D86}.Release|Win32.ActiveCfg = Release|Win32
		{734350E8-5586-46D9-8197-EEEEA3034D86}.Release|Win32.Build.0 = Release|Win32
		{734350E8-5586-46D9-8197-EEEEA3034D86}.Release|x64.ActiveCfg = Release|x64
		{C2FEB024-8E46-4533-918B-7196CAAA4E7D}.Debug|Win32.ActiveCfg = Debug|Win32
		{C2FEB024-8E46-4533-918B-7196CAAA4E7D}.Debug|Win32.Build.0 = Debug|Win32
		{C2FEB024-8E46-4533-918B-7196CAAA4E7D}.Debug|x64.ActiveCfg = Debug|x64
		{C2FEB024-8E46-4533-918B-7196CAAA4E7D}.Debug|x64.Build.0 = Debug|x64
		{C2FEB024-8E46-4533-918B-7196CAAA4E7D}.Release|Win32.ActiveCfg = Release|Win32
		{C2FEB024-8E46-4533-918B-7196CAAA4E7D}.Release|Win32.Build.0 = Release|Win32
		{C2FEB024-8E46-4533-918B-7196CAAA4E7D}.Release|x64.ActiveCfg = Release|x64
		{C2FEB024-8E46-4533-918B-7196CAAA4E7D}.Release|x64.Build.0 = Release|x64
		{1AD3FFCD-745F-4E6D-8698-F750EBB8DBCD}.Debug|Win32.ActiveCfg = Debug|Win32
		{1AD3FFCD-745F-4E6D-8698-F750EBB8DBCD}.Debug|Win32.Build.0 = Debug|Win32
		{1AD3FFCD-745F-4E6D-8698-F750EBB8DBCD}.Debug|x64.ActiveCfg = Debug|x64
		{1AD3FFCD-745F-4E6D-8698-F750EBB8DBCD}.Debug|x64.Build.0 = Debug|x64
		{1AD3FFCD-745F-4E6D-8698-F750EBB8DBCD}.Release|Win32.ActiveCfg = Release|Win32
		{1AD3FFCD-745F-4E6D-8698-F750EBB8DBCD}.Release|Win32.Build.0 = Release|Win32
		{1AD3FFCD-745F-4E6D-8698-F750EBB8DBCD}.Release|x64.ActiveCfg = Release|x64
		{1AD3FFCD-745F-4E6D-8698-F750EBB8DBCD}.Release|x64.Build.0 = Release|x64
		{3756BA94-53B6-4AA6-9F21-036449B6A2C5}.Debug|Win32.ActiveCfg = Debug|Win32
		{3756BA94-53B6-4AA6-9F21-036449B6A2C5}.Debug|Win32.Build.0 = Debug|Win32
		{3756BA94-53B6-4AA6-9F21-036449B6A2C5}.Debug|x64.ActiveCfg = Debug|x64
		{3756BA94-53B6-4AA6-9F21-036449B6A2C5}.Debug|x64.Build.0 = Debug|x64
		{3756BA94-53B6-4AA6-9F21-036449B6A2C5}.Release|Win32.ActiveCfg = Release|Win32
		{3756BA94-53B6-4AA6-9F21-036449B6A2C5}.Release|Win32.Build.0 = Release|Win32
		{3756BA94-53B6-4AA6-9F21-036449B6A2C5}.Release|x64.ActiveCfg = Release|x64
		{3756BA94-53B6-4AA6-9F21-036449B6A2C5}.Release|x64.Build.0 = Release|x64
		{1A926F1A-DA72-4D4A-8EA7-E511187398EB}.Debug|Win32.ActiveCfg = Debug|Win32
		{1A926F1A-DA72-4D4A-8EA7-E511187398EB}.Debug|Win32.Build.0 = Debug|Win32
		{1A926F1A-DA72-4D4A-8EA7-E511187398EB}.Debug|x64.ActiveCfg = Debug|x64
		{1A926F1A-DA72-4D4A-8EA7-E511187398EB}.Debug|x64.Build.0 = Debug|x64
		{1A926F1A-DA72-4D4A-8EA7-E511187398EB}.Release|Win32.ActiveCfg = Release|Win32
		{1A926F1A-DA72-4D4A-8EA7-E511187398EB}.Release|Win32.Build.0 = Release|Win32
		{1A926F1A-DA72-4D4A-8EA7-E511187398EB}.Release|x64.ActiveCfg = Release|x64
		{1A926F1A-DA72-4D4A-8EA7-E511187398EB}.Release|x64.Build.0 = Release|x64
		{92F48036-04E1-4BE4-BF62-886B265E6811}.Debug|Win32.ActiveCfg = Debug|Win32
		{92F48036-04E1-4BE4-BF62-886B265E6811}.Debug|Win32.Build.0 = Debug|Win32
		{92F48036-04E1-4BE4-BF62-886B265E6811}.Debug|x64.ActiveCfg = Debug|x64
		{92F48036-04E1-4BE4-BF62-886B265E6811}.Debug|x64.Build.0 = Debug|x64
		{92F48036-04E1-4BE4-BF62-886B265E6811}.Release|Win32.ActiveCfg = Release|Win32
		{92F48036-04E1-4BE4-BF62-886B265E6811}.Release|Win32.Build.0 = Release|Win32
		{92F48036-04E1-4BE4-BF62-886B265E6811}.Release|x64.ActiveCfg = Release|x64
		{92F48036-04E1-4BE4-BF62-886B265E6811}.Release|x64.Build.0 = Release|x64
		{644F8089-9AFD-49CE-A967-2E849C4A3E37}.Debug|Win32.ActiveCfg = Debug|Win32
		{644F8089-9AFD-49CE-A967-2E849C4A3E37}.Debug|Win32.Build.0 = Debug|Win32
		{644F8089-9AFD-49CE-A967-2E849C4A3E37}.Debug|x64.ActiveCfg = Debug|x64
		{644F8089-9AFD-49CE-A967-2E849C4A3E37}.Debug|x64.Build.0 = Debug|x64
		{644F8089-9AFD-49CE-A967-2E849C4A3E37}.Release|Win32.ActiveCfg = Release|Win32
		{644F8089-9AFD-49CE-A967-2E849C4A3E37}.Release|Win32.Build.0 = Release|Win32
		{644F8089-9AFD-49CE-A967-2E849C4A3E37}.Release|x64.ActiveCfg = Release|x64
		{644F8089-9AFD-49CE-A967-2E849C4A3E37}.Release|x64.Build.0 = Release|x64
		{007A6955-7539-45C1-A027-483ACB20BA43}.Debug|Win32.ActiveCfg = Debug|Win32
		{007A6955-7539-45C1-A027-483ACB20BA43}.Debug|Win32.Build.0 = Debug|Win32
		{007A6955-7539-45C1-A027-483ACB20BA43}.Debug|x64.ActiveCfg = Debug|x64
		{007A6955-7539-45C1-A027-483ACB20BA43}.Debug|x64.Build.0 = Debug|x64
		{007A6955-7539-45C1-A027-483ACB20BA43}.Release|Win32.ActiveCfg = Release|Win32
		{007A6955-7539-45C1-A027-483ACB20BA43}.Release|Win32.Build.0 = Release|Win32
		{007A6955-7539-45C1-A027-483ACB20BA43}.Release|x64.ActiveCfg = Release|x64
		{007A6955-7539-45C1-A027-483ACB20BA43}.Release|x64.Build.0 = Release|x64
		{98BDB1F7-63EE-9D53-6DF8-B89B2B7A8BF3}.Debug|Win32.ActiveCfg = Debug|Win32
		{98BDB1F7-63EE-9D53-6DF8-B89B2B7A8BF3}.Debug|Win32.Build.0 = Debug|Win32
		{98BDB1F7-63EE-9D53-6DF8-B89B2B7A8BF3}.Debug|x64.ActiveCfg = Debug|x64
		{98BDB1F7-63EE-9D53-6DF8-B89B2B7A8BF3}.Debug|x64.Build.0 = Debug|x64
		{98BDB1F7-63EE-9D53-6DF8-B89B2B7A8BF3}.Release|Win32.ActiveCfg = Release|Win32
		{98BDB1F7-63EE-9D53-6DF8-B89B2B7A8BF3}.Release|Win32.Build.0 = Release|Win32
		{98BDB1F7-63EE-9D53-6DF8-B89B2B7A8BF3}.Release|x64.ActiveCfg = Release|x64
		{98BDB1F7-63EE-9D53-6DF8-B89B2B7A8BF3}.Release|x64.Build.0 = Release|x64
		{50D2B40A-5AE4-F5FB-4D79-AC6CC3C75274}.Debug|Win32.ActiveCfg = Debug|Win32
		{50D2B40A-5AE4-F5FB-4D79-AC6CC3C75274}.Debug|Win32.Build.0 = Debug|Win32
		{50D2B40A-5AE4-F5FB-4D79-AC6CC3C75274}.Debug|x64.ActiveCfg = Debug|x64
		{50D2B40A-5AE4-F5FB-4D79-AC6CC3C75274}.Debug|x64.Build.0 = Debug|x64
		{50D2B40A-5AE4-F5FB-4D79-AC6CC3C75274}.Release|Win32.ActiveCfg = Release|Win32
		{50D2B40A-5AE4-F5FB-4D79-AC6CC3C75274}.Release|Win32.Build.0 = Release|Win32
		{50D2B40A-5AE4-F5FB-4D79-AC6CC3C75274}.Release|x64.ActiveCfg = Release|x64
		{50D2B40A-5AE4-F5FB-4D79-AC6CC3C75274}.Release|x64.Build.0 = Release|x64
		{B24123A5-2FE3-4AD6-9B8D-C3090E87408D}.Debug|Win32.ActiveCfg = Debug|Win32
		{B24123A5-2FE3-4AD6-9B8D-C3090E87408D}.Debug|Win32.Build.0 = Debug|Win32
		{B24123A5-2FE3-4AD6-9B8D-C3090E87408D}.Debug|x64.ActiveCfg = Debug|x64
		{B24123A5-2FE3-4AD6-9B8D-C3090E87408D}.Debug|x64.Build.0 = Debug|x64
		{B24123A5-2FE3-4AD6-9B8D-C3090E87408D}.Release|Win32.ActiveCfg = Release|Win32
		{B24123A5-2FE3-4AD6-9B8D-C3090E87408D}.Release|Win32.Build.0 = Release|Win32
		{B24123A5-2FE3-4AD6-9B8D-C3090E87408D}.Release|x64.ActiveCfg = Release|x64
		{B24123A5-2FE3-4AD6-9B8D-C3090E87408D}.Release|x64.Build.0 = Release|x64
		{10898C84-AF45-F0B0-5144-EA801DF15503}.Debug|Win32.ActiveCfg = Debug|Win32
		{10898C84-AF45-F0B0-5144-EA801DF15503}.Debug|Win32.Build.0 = Debug|Win32
		{10898C84-AF45-F0B0-5144-EA801DF15503}.Debug|x64.ActiveCfg = Debug|x64
		{10898C84-AF45-F0B0-5144-EA801DF15503}.Debug|x64.Build.0 = Debug|x64
		{10898C84-AF45-F0B0-5144-EA801DF15503}.Release|Win32.ActiveCfg = Release|Win32
		{10898C84-AF45-F0B0-5144-EA801DF15503}.Release|Win32.Build.0 = Release|Win32
		{10898C84-AF45-F0B0-5144-EA801DF15503}.Release|x64.ActiveCfg = Release|x64
		{10898C84-AF45-F0B0-5144-EA801DF15503}.Release|x64.Build.0 = Release|x64
		{1B69C1F8-B156-4BCA-AAD3-168FB37B08CF}.Debug|Win32.ActiveCfg = Debug|Win32
		{1B69C1F8-B156-4BCA-AAD3-168FB37B08CF}.Debug|Win32.Build.0 = Debug|Win32
		{1B69C1F8-B156-4BCA-AAD3-168FB37B08CF}.Debug|x64.ActiveCfg = Debug|x64
		{1B69C1F8-B156-4BCA-AAD3-168FB37B08CF}.Debug|x64.Build.0 = Debug|x64
		{1B69C1F8-B156-4BCA-AAD3-168FB37B08CF}.Release|Win32.ActiveCfg = Release|Win32
		{1B69C1F8-B156-4BCA-AAD3-168FB37B08CF}.Release|Win32.Build.0 = Release|Win32
		{1B69C1F8-B156-4BCA-AAD3-168FB37B08CF}.Release|x64.ActiveCfg = Release|x64
		{1B69C1F8-B156-4BCA-AAD3-168FB37B08CF}.Release|x64.Build.0 = Release|x64
		{1F14357D-E06A-48A1-B39A-74082F381FC0}.Debug|Win32.ActiveCfg = Debug|Win32
		{1F14357D-E06A-48A1-B39A-74082F381FC0}.Debug|Win32.Build.0 = Debug|Win32
		{1F14357D-E06A-48A1-B39A-74082F381FC0}.Debug|x64.ActiveCfg = Debug|x64
		{1F14357D-E06A-48A1-B39A-74082F381FC0}.Debug|x64.Build.0 = Debug|x64
		{1F14357D-E06A-48A1-B39A-74082F381FC0}.Release|Win32.ActiveCfg = Release|Win32
		{1F14357D-E06A-48A1-B39A-74082F381FC0}.Release|Win32.Build.0 = Release|Win32
		{1F14357D-E06A-48A1-B39A-74082F381FC0}.Release|x64.ActiveCfg = Release|x64
		{1F14357D-E06A-48A1-B39A-74082F381FC0}.Release|x64.Build.0 = Release|x64
		{74C1CB7D-63CD-40D3-ABEA-2A17EB3719ED}.Debug|Win32.ActiveCfg = Debug|Win32
		{74C1CB7D-63CD-40D3-ABEA-2A17EB3719ED}.Debug|Win32.Build.0 = Debug|Win32
		{74C1CB7D-63CD-40D3-ABEA-2A17EB3719ED}.Debug|x64.ActiveCfg = Debug|x64
		{74C1CB7D-63CD-40D3-ABEA-2A17EB3719ED}.Debug|x64.Build.0 = Debug|x64
		{74C1CB7D-63CD-40D3-ABEA-2A17EB3719ED}.Release|Win32.ActiveCfg = Release|Win32
		{74C1CB7D-63CD-40D3-ABEA-2A17EB3719ED}.Release|Win32.Build.0 = Release|Win32
		{74C1CB7D-63CD-40D3-ABEA-2A17EB3719ED}.Release|x64.ActiveCfg = Release|x64
		{74C1CB7D-63CD-40D3-ABEA-2A17EB3719ED}.Release|x64.Build.0 = Release|x64
		{07CD39FE-8CB1-46A2-81AB-485F2CAE215F}.Debug|Win32.ActiveCfg = Debug|Win32
		{07CD39FE-8CB1-46A2-81AB-485F2CAE215F}.Debug|Win32.Build.0 = Debug|Win32
		{07CD39FE-8CB1-46A2-81AB-485F2CAE215F}.Debug|x64.ActiveCfg = Debug|x64
		{07CD39FE-8CB1-46A2-81AB-485F2CAE215F}.Debug|x64.Build.0 = Debug|x64
		{07CD39FE-8CB1-46A2-81AB-485F2CAE215F}.Release|Win32.ActiveCfg = Release|Win32
		{07CD39FE-8CB1-46A2-81AB-485F2CAE215F}.Release|Win32.Build.0 = Release|Win32
		{07CD39FE-8CB1-46A2-81AB-485F2CAE215F}.Release|x64.ActiveCfg = Release|x64
		{07CD39FE-8CB1-46A2-81AB-485F2CAE215F}.Release|x64.Build.0 = Release|x64
		{47BEB39C-B62A-4E48-8A9F-0DED4450CF9E}.Debug|Win32.ActiveCfg = Debug|Win32
		{47BEB39C-B62A-4E48-8A9F-0DED4450CF9E}.Debug|Win32.Build.0 = Debug|Win32
		{47BEB39C-B62A-4E48-8A9F-0DED4450CF9E}.Debug|x64.ActiveCfg = Debug|x64
		{47BEB39C-B62A-4E48-8A9F-0DED4450CF9E}.Debug|x64.Build.0 = Debug|x64
		{47BEB39C-B62A-4E48-8A9F-0DED4450CF9E}.Release|Win32.ActiveCfg = Release|Win32
		{47BEB39C-B62A-4E48-8A9F-0DED4450CF9E}.Release|Win32.Build.0 = Release|Win32
		{47BEB39C-B62A-4E48-8A9F-0DED4450CF9E}.Release|x64.ActiveCfg = Release|x64
		{47BEB39C-B62A-4E48-8A9F-0DED4450CF9E}.Release|x64.Build.0 = Release|x64
		{673F0D3F-F447-43FD-856E-FAB4E776DEBC}.Debug|Win32.ActiveCfg = Debug|Win32
		{673F0D3F-F447-43FD-856E-FAB4E776DEBC}.Debug|Win32.Build.0 = Debug|Win32
		{673F0D3F-F447-43FD-856E-FAB4E776DEBC}.Debug|x64.ActiveCfg = Debug|x64
		{673F0D3F-F447-43FD-856E-FAB4E776DEBC}.Debug|x64.Build.0 = Debug|x64
		{673F0D3F-F447-43FD-856E-FAB4E776DEBC}.Release|Win32.ActiveCfg = Release|Win32
		{673F0D3F-F447-43FD-856E-FAB4E776DEBC}.Release|Win32.Build.0 = Release|Win32
		{673F0D3F-F447-43FD-856E-FAB4E776DEBC}.Release|x64.ActiveCfg = Release|x64
		{673F0D3F-F447-43FD-856E-FAB4E776DEBC}.Release|x64.Build.0 = Release|x64
		{10195386-62C0-4BDA-A8E3-B88F1C9F81AF}.Debug|Win32.ActiveCfg = Debug|Win32
		{10195386-62C0-4BDA-A8E3-B88F1C9F81AF}.Debug|Win32.Build.0 = Debug|Win32
		{10195386-62C0-4BDA-A8E3-B88F1C9F81AF}.Debug|x64.ActiveCfg = Debug|x64
		{10195386-62C0-4BDA-A8E3-B88F1C9F81AF}.Debug|x64.Build.0 = Debug|x64
		{10195386-62C0-4BDA-A8E3-B88F1C9F81AF}.Release|Win32.ActiveCfg = Release|Win32
		{10195386-62C0-4BDA-A8E3-B88F1C9F81AF}.Release|Win32.Build.0 = Release|Win32
		{10195386-62C0-4BDA-A8E3-B88F1C9F81AF}.Release|x64.ActiveCfg = Release|x64
		{10195386-62C0-4BDA-A8E3-B88F1C9F81AF}.Release|x64.Build.0 = Release|x64
	EndGlobalSection
	GlobalSection(SolutionProperties) = preSolution
		HideSolutionNode = FALSE
	EndGlobalSection
	GlobalSection(NestedProjects) = preSolution
		{C2FEB024-8E46-4533-918B-7196CAAA4E7D} = {657121FA-968C-4276-9AA6-EC6692DC6465}
		{02EA681E-C7D8-13C7-8484-4AC65E1B71E8} = {657121FA-968C-4276-9AA6-EC6692DC6465}
		{50D2B40A-5AE4-F5FB-4D79-AC6CC3C75274} = {02EA681E-C7D8-13C7-8484-4AC65E1B71E8}
		{B24123A5-2FE3-4AD6-9B8D-C3090E87408D} = {02EA681E-C7D8-13C7-8484-4AC65E1B71E8}
		{10898C84-AF45-F0B0-5144-EA801DF15503} = {02EA681E-C7D8-13C7-8484-4AC65E1B71E8}
		{1B69C1F8-B156-4BCA-AAD3-168FB37B08CF} = {02EA681E-C7D8-13C7-8484-4AC65E1B71E8}
		{1F14357D-E06A-48A1-B39A-74082F381FC0} = {02EA681E-C7D8-13C7-8484-4AC65E1B71E8}
		{74C1CB7D-63CD-40D3-ABEA-2A17EB3719ED} = {657121FA-968C-4276-9AA6-EC6692DC6465}
		{07CD39FE-8CB1-46A2-81AB-485F2CAE215F} = {657121FA-968C-4276-9AA6-EC6692DC6465}
		{47BEB39C-B62A-4E48-8A9F-0DED4450CF9E} = {02EA681E-C7D8-13C7-8484-4AC65E1B71E8}
		{673F0D3F-F447-43FD-856E-FAB4E776DEBC} = {02EA681E-C7D8-13C7-8484-4AC65E1B71E8}
		{10195386-62C0-4BDA-A8E3-B88F1C9F81AF} = {657121FA-968C-4276-9AA6-EC6692DC6465}
	EndGlobalSection
	GlobalSection(ExtensibilityGlobals) = postSolution
		SolutionGuid = {D9937074-3E07-4102-9EF1-BE6E87CF35E4}
	EndGlobalSection
EndGlobal
